
Microsoft Visual Studio Solution File, Format Version 12.00
# Visual Studio Version 17
VisualStudioVersion = 17.11.35219.272
MinimumVisualStudioVersion = 10.0.40219.1
Project("{FAE04EC0-301F-11D3-BF4B-00C04F79EFBC}") = "ASPMVCApp", "ASPMVCApp\ASPMVCApp.csproj", "{4919C192-F7B6-4FB3-9645-0F12AAA9174A}"
EndProject
Global
	GlobalSection(SolutionConfigurationPlatforms) = preSolution
		Debug|Any CPU = Debug|Any CPU
		Release|Any CPU = Release|Any CPU
	EndGlobalSection
	GlobalSection(ProjectConfigurationPlatforms) = postSolution
		{4919C192-F7B6-4FB3-9645-0F12AAA9174A}.Debug|Any CPU.ActiveCfg = Debug|Any CPU
		{4919C192-F7B6-4FB3-9645-0F12AAA9174A}.Debug|Any CPU.Build.0 = Debug|Any CPU
		{4919C192-F7B6-4FB3-9645-0F12AAA9174A}.Release|Any CPU.ActiveCfg = Release|Any CPU
		{4919C192-F7B6-4FB3-9645-0F12AAA9174A}.Release|Any CPU.Build.0 = Release|Any CPU
	EndGlobalSection
	GlobalSection(SolutionProperties) = preSolution
		HideSolutionNode = FALSE
	EndGlobalSection
	GlobalSection(ExtensibilityGlobals) = postSolution
		SolutionGuid = {C2932E31-4E3E-4CB5-915D-3329A97D630A}
	EndGlobalSection
EndGlobal
